
Microsoft Visual Studio Solution File, Format Version 12.00
# Visual Studio 15
VisualStudioVersion = 15.0.28307.1062
MinimumVisualStudioVersion = 10.0.40219.1
Project("{FAE04EC0-301F-11D3-BF4B-00C04F79EFBC}") = "Bang", "Bang\Bang.csproj", "{79E3268D-482D-490E-B163-F0C72D3F3FF8}"
EndProject
Global
	GlobalSection(SolutionConfigurationPlatforms) = preSolution
		Debug|Any CPU = Debug|Any CPU
		Release|Any CPU = Release|Any CPU
	EndGlobalSection
	GlobalSection(ProjectConfigurationPlatforms) = postSolution
		{79E3268D-482D-490E-B163-F0C72D3F3FF8}.Debug|Any CPU.ActiveCfg = Debug|Any CPU
		{79E3268D-482D-490E-B163-F0C72D3F3FF8}.Debug|Any CPU.Build.0 = Debug|Any CPU
		{79E3268D-482D-490E-B163-F0C72D3F3FF8}.Release|Any CPU.ActiveCfg = Release|Any CPU
		{79E3268D-482D-490E-B163-F0C72D3F3FF8}.Release|Any CPU.Build.0 = Release|Any CPU
	EndGlobalSection
	GlobalSection(SolutionProperties) = preSolution
		HideSolutionNode = FALSE
	EndGlobalSection
	GlobalSection(ExtensibilityGlobals) = postSolution
		SolutionGuid = {61A8BBE5-C3E9-4111-A329-FAE2A73A2F23}
	EndGlobalSection
EndGlobal
